
Microsoft Visual Studio Solution File, Format Version 12.00
# Visual Studio Version 17
VisualStudioVersion = 17.5.33627.172
MinimumVisualStudioVersion = 10.0.40219.1
Project("{FAE04EC0-301F-11D3-BF4B-00C04F79EFBC}") = "AnnoDemoWebApiEF", "AnnoDemoWebApiEF\AnnoDemoWebApiEF.csproj", "{CA199A48-CB6A-47B4-8EFB-EB95EF6933E0}"
EndProject
Global
	GlobalSection(SolutionConfigurationPlatforms) = preSolution
		Debug|Any CPU = Debug|Any CPU
		Release|Any CPU = Release|Any CPU
	EndGlobalSection
	GlobalSection(ProjectConfigurationPlatforms) = postSolution
		{CA199A48-CB6A-47B4-8EFB-EB95EF6933E0}.Debug|Any CPU.ActiveCfg = Debug|Any CPU
		{CA199A48-CB6A-47B4-8EFB-EB95EF6933E0}.Debug|Any CPU.Build.0 = Debug|Any CPU
		{CA199A48-CB6A-47B4-8EFB-EB95EF6933E0}.Release|Any CPU.ActiveCfg = Release|Any CPU
		{CA199A48-CB6A-47B4-8EFB-EB95EF6933E0}.Release|Any CPU.Build.0 = Release|Any CPU
	EndGlobalSection
	GlobalSection(SolutionProperties) = preSolution
		HideSolutionNode = FALSE
	EndGlobalSection
	GlobalSection(ExtensibilityGlobals) = postSolution
		SolutionGuid = {06D387CC-EF68-4367-BD34-3AEF0360CE7D}
	EndGlobalSection
EndGlobal
